<?xml version="1.0" encoding="utf-8"?>
<Project ToolsVersion="4.0" xmlns="http://schemas.microsoft.com/developer/msbuild/2003">
  <ItemGroup>
    <Filter Include="Source Files">
      <UniqueIdentifier>{286600a9-a6ac-45e2-8988-338eb79dda58}</UniqueIdentifier>
      <Extensions>cpp;c;cxx;rc;def;r;odl;idl;hpj;bat</Extensions>
    </Filter>
    <Filter Include="Header Files">
      <UniqueIdentifier>{b7ab7fdd-3fe0-4f3b-abfc-81611a86c248}</UniqueIdentifier>
      <Extensions>h;hpp;hxx;hm;inl</Extensions>
    </Filter>
    <Filter Include="Resource Files">
      <UniqueIdentifier>{fc6cc743-9a77-4155-9509-83eff3e8c851}</UniqueIdentifier>
      <Extensions>ico;cur;bmp;dlg;rc2;rct;bin;rgs;gif;jpg;jpeg;jpe</Extensions>
    </Filter>
  </ItemGroup>
  <ItemGroup>
    <ClCompile Include="CBall.cpp">
      <Filter>Source Files</Filter>
    </ClCompile>
    <ClCompile Include="CBg.cpp">
      <Filter>Source Files</Filter>
    </ClCompile>
    <ClCompile Include="CCircle.cpp">
      <Filter>Source Files</Filter>
    </ClCompile>
    <ClCompile Include="CCube.cpp">
      <Filter>Source Files</Filter>
    </ClCompile>
    <ClCompile Include="CCylinder.cpp">
      <Filter>Source Files</Filter>
    </ClCompile>
    <ClCompile Include="CGameHandler.cpp">
      <Filter>Source Files</Filter>
    </ClCompile>
    <ClCompile Include="CModel.cpp">
      <Filter>Source Files</Filter>
    </ClCompile>
    <ClCompile Include="CMyOpenGLInit.cpp">
      <Filter>Source Files</Filter>
    </ClCompile>
    <ClCompile Include="Common.cpp">
      <Filter>Source Files</Filter>
    </ClCompile>
    <ClCompile Include="CPoint.cpp">
      <Filter>Source Files</Filter>
    </ClCompile>
    <ClCompile Include="CPolygon.cpp">
      <Filter>Source Files</Filter>
    </ClCompile>
    <ClCompile Include="CSquare.cpp">
      <Filter>Source Files</Filter>
    </ClCompile>
    <ClCompile Include="main.cpp">
      <Filter>Source Files</Filter>
    </ClCompile>
  </ItemGroup>
  <ItemGroup>
    <ClInclude Include="CBall.h">
      <Filter>Header Files</Filter>
    </ClInclude>
    <ClInclude Include="CBg.h">
      <Filter>Header Files</Filter>
    </ClInclude>
    <ClInclude Include="CCircle.h">
      <Filter>Header Files</Filter>
    </ClInclude>
    <ClInclude Include="CCube.h">
      <Filter>Header Files</Filter>
    </ClInclude>
    <ClInclude Include="CCylinder.h">
      <Filter>Header Files</Filter>
    </ClInclude>
    <ClInclude Include="CGameHandler.h">
      <Filter>Header Files</Filter>
    </ClInclude>
    <ClInclude Include="CModel.h">
      <Filter>Header Files</Filter>
    </ClInclude>
    <ClInclude Include="CMyOpenGLInit.h">
      <Filter>Header Files</Filter>
    </ClInclude>
    <ClInclude Include="Common.h">
      <Filter>Header Files</Filter>
    </ClInclude>
    <ClInclude Include="CPoint.h">
      <Filter>Header Files</Filter>
    </ClInclude>
    <ClInclude Include="CPolygon.h">
      <Filter>Header Files</Filter>
    </ClInclude>
    <ClInclude Include="CSquare.h">
      <Filter>Header Files</Filter>
    </ClInclude>
    <ClInclude Include="glut.h">
      <Filter>Header Files</Filter>
    </ClInclude>
  </ItemGroup>
  <ItemGroup>
    <None Include="glut32.dll">
      <Filter>Resource Files</Filter>
    </None>
  </ItemGroup>
  <ItemGroup>
    <Library Include="glut32.lib">
      <Filter>Resource Files</Filter>
    </Library>
  </ItemGroup>
</Project>